
Microsoft Visual Studio Solution File, Format Version 12.00
# Visual Studio Version 17
VisualStudioVersion = 17.0.31717.71
MinimumVisualStudioVersion = 10.0.40219.1
Project("{FAE04EC0-301F-11D3-BF4B-00C04F79EFBC}") = "DynamoDBMusicService", "DynamoDBMusicService\DynamoDBMusicService.csproj", "{BA5C0E76-D047-42C6-8D8D-D2AC2BEDCAE5}"
EndProject
Global
	GlobalSection(SolutionConfigurationPlatforms) = preSolution
		Debug|Any CPU = Debug|Any CPU
		Release|Any CPU = Release|Any CPU
	EndGlobalSection
	GlobalSection(ProjectConfigurationPlatforms) = postSolution
		{BA5C0E76-D047-42C6-8D8D-D2AC2BEDCAE5}.Debug|Any CPU.ActiveCfg = Debug|Any CPU
		{BA5C0E76-D047-42C6-8D8D-D2AC2BEDCAE5}.Debug|Any CPU.Build.0 = Debug|Any CPU
		{BA5C0E76-D047-42C6-8D8D-D2AC2BEDCAE5}.Release|Any CPU.ActiveCfg = Release|Any CPU
		{BA5C0E76-D047-42C6-8D8D-D2AC2BEDCAE5}.Release|Any CPU.Build.0 = Release|Any CPU
	EndGlobalSection
	GlobalSection(SolutionProperties) = preSolution
		HideSolutionNode = FALSE
	EndGlobalSection
	GlobalSection(ExtensibilityGlobals) = postSolution
		SolutionGuid = {77C37D1A-D78B-4899-B455-2909670F8404}
	EndGlobalSection
EndGlobal
